
Microsoft Visual Studio Solution File, Format Version 12.00
# Visual Studio Version 16
VisualStudioVersion = 16.0.30804.86
MinimumVisualStudioVersion = 10.0.40219.1
Project("{FAE04EC0-301F-11D3-BF4B-00C04F79EFBC}") = "TestJenkinsBuildAndTest", "TestJenkinsBuildAndTest\TestJenkinsBuildAndTest.csproj", "{2C501EF8-5DA2-4FF8-8FFF-BA85A03CB66D}"
EndProject
Project("{FAE04EC0-301F-11D3-BF4B-00C04F79EFBC}") = "TestJenkinsBuildAndTestTests", "TestJenkinsBuildAndTestTests\TestJenkinsBuildAndTestTests.csproj", "{C9D7A882-B991-4986-BAE4-94A201308CBD}"
EndProject
Global
	GlobalSection(SolutionConfigurationPlatforms) = preSolution
		Debug|Any CPU = Debug|Any CPU
		Release|Any CPU = Release|Any CPU
	EndGlobalSection
	GlobalSection(ProjectConfigurationPlatforms) = postSolution
		{2C501EF8-5DA2-4FF8-8FFF-BA85A03CB66D}.Debug|Any CPU.ActiveCfg = Debug|Any CPU
		{2C501EF8-5DA2-4FF8-8FFF-BA85A03CB66D}.Debug|Any CPU.Build.0 = Debug|Any CPU
		{2C501EF8-5DA2-4FF8-8FFF-BA85A03CB66D}.Release|Any CPU.ActiveCfg = Release|Any CPU
		{2C501EF8-5DA2-4FF8-8FFF-BA85A03CB66D}.Release|Any CPU.Build.0 = Release|Any CPU
		{C9D7A882-B991-4986-BAE4-94A201308CBD}.Debug|Any CPU.ActiveCfg = Debug|Any CPU
		{C9D7A882-B991-4986-BAE4-94A201308CBD}.Debug|Any CPU.Build.0 = Debug|Any CPU
		{C9D7A882-B991-4986-BAE4-94A201308CBD}.Release|Any CPU.ActiveCfg = Release|Any CPU
		{C9D7A882-B991-4986-BAE4-94A201308CBD}.Release|Any CPU.Build.0 = Release|Any CPU
	EndGlobalSection
	GlobalSection(SolutionProperties) = preSolution
		HideSolutionNode = FALSE
	EndGlobalSection
	GlobalSection(ExtensibilityGlobals) = postSolution
		SolutionGuid = {5F99E024-8CCA-44F4-9B54-A55448A85608}
	EndGlobalSection
EndGlobal
